{
  "version": "2",
  "remote": {
    "https://deno.land/std@0.150.0/media_types/_util.ts": "ce9b4fc4ba1c447dafab619055e20fd88236ca6bdd7834a21f98bd193c3fbfa1",
    "https://deno.land/std@0.150.0/media_types/mod.ts": "2d4b6f32a087029272dc59e0a55ae3cc4d1b27b794ccf528e94b1925795b3118",
    "https://deno.land/std@0.150.0/media_types/vendor/mime-db.v1.52.0.ts": "724cee25fa40f1a52d3937d6b4fbbfdd7791ff55e1b7ac08d9319d5632c7f5af",
    "https://deno.land/std@0.154.0/_util/assert.ts": "e94f2eb37cebd7f199952e242c77654e43333c1ac4c5c700e929ea3aa5489f74",
    "https://deno.land/std@0.154.0/_wasm_crypto/lib/deno_std_wasm_crypto.generated.mjs": "dfcd6777d05345362c70f9f2c49abba3ed3f925fccfcf725abe2d16d51819433",
    "https://deno.land/std@0.154.0/_wasm_crypto/mod.ts": "6c60d332716147ded0eece0861780678d51b560f533b27db2e15c64a4ef83665",
    "https://deno.land/std@0.154.0/async/deferred.ts": "c01de44b9192359cebd3fe93273fcebf9e95110bf3360023917da9a2d1489fae",
    "https://deno.land/std@0.154.0/bytes/bytes_list.ts": "aba5e2369e77d426b10af1de0dcc4531acecec27f9b9056f4f7bfbf8ac147ab4",
    "https://deno.land/std@0.154.0/bytes/equals.ts": "3c3558c3ae85526f84510aa2b48ab2ad7bdd899e2e0f5b7a8ffc85acb3a6043a",
    "https://deno.land/std@0.154.0/bytes/mod.ts": "763f97d33051cc3f28af1a688dfe2830841192a9fea0cbaa55f927b49d49d0bf",
    "https://deno.land/std@0.154.0/crypto/_fnv/fnv32.ts": "aa9bddead8c6345087d3abd4ef35fb9655622afc333fc41fff382b36e64280b5",
    "https://deno.land/std@0.154.0/crypto/_fnv/fnv64.ts": "625d7e7505b6cb2e9801b5fd6ed0a89256bac12b2bbb3e4664b85a88b0ec5bef",
    "https://deno.land/std@0.154.0/crypto/_fnv/index.ts": "a8f6a361b4c6d54e5e89c16098f99b6962a1dd6ad1307dbc97fa1ecac5d7060a",
    "https://deno.land/std@0.154.0/crypto/_fnv/util.ts": "4848313bed7f00f55be3cb080aa0583fc007812ba965b03e4009665bde614ce3",
    "https://deno.land/std@0.154.0/crypto/keystack.ts": "e481eed28007395e554a435e880fee83a5c73b9259ed8a135a75e4b1e4f381f7",
    "https://deno.land/std@0.154.0/crypto/mod.ts": "0ef11f063cd0f9759485a3c9051e15125e1bde3b47c23b47e79b6e13cfcf9481",
    "https://deno.land/std@0.154.0/crypto/timing_safe_equal.ts": "82a29b737bc8932d75d7a20c404136089d5d23629e94ba14efa98a8cc066c73e",
    "https://deno.land/std@0.154.0/encoding/base64.ts": "c57868ca7fa2fbe919f57f88a623ad34e3d970d675bdc1ff3a9d02bba7409db2",
    "https://deno.land/std@0.154.0/encoding/base64url.ts": "a5f82a9fa703bd85a5eb8e7c1296bc6529e601ebd9642cc2b5eaa6b38fa9e05a",
    "https://deno.land/std@0.154.0/encoding/hex.ts": "4cc5324417cbb4ac9b828453d35aed45b9cc29506fad658f1f138d981ae33795",
    "https://deno.land/std@0.154.0/fmt/colors.ts": "ff7dc9c9f33a72bd48bc24b21bbc1b4545d8494a431f17894dbc5fe92a938fc4",
    "https://deno.land/std@0.154.0/io/buffer.ts": "fae02290f52301c4e0188670e730cd902f9307fb732d79c4aa14ebdc82497289",
    "https://deno.land/std@0.154.0/io/files.ts": "d199ef64e918a256320ba8d8d44ae91de87c9077df8f8d6cca013f1b9fbbe285",
    "https://deno.land/std@0.154.0/io/mod.ts": "33507cf2460ab67d0d90fb5749fa6fecb33897642b49d54a6bb1ac81e4768f69",
    "https://deno.land/std@0.154.0/io/readers.ts": "45847ad404afd2f605eae1cff193f223462bc55eeb9ae313c2f3db28aada0fd6",
    "https://deno.land/std@0.154.0/io/streams.ts": "988a19155b52161f0035ce539e2f1d12edbc4c389fa7633da832a64e6edbe1a0",
    "https://deno.land/std@0.154.0/io/util.ts": "078da53bba767bec0d45f7da44411f6dbf269e51ef7fcfea5e3714e04681c674",
    "https://deno.land/std@0.154.0/io/writers.ts": "2e1c63ffd0cfba411b1fd8374609abff9ea86187c9d4d885d42e6fc20325ef0e",
    "https://deno.land/std@0.154.0/streams/conversion.ts": "fc4eb76a14148c43f0b85e903a5a1526391aa40ed9434dc21e34f88304eb823e",
    "https://deno.land/std@0.154.0/testing/_diff.ts": "141f978a283defc367eeee3ff7b58aa8763cf7c8e0c585132eae614468e9d7b8",
    "https://deno.land/std@0.154.0/testing/_format.ts": "cd11136e1797791045e639e9f0f4640d5b4166148796cad37e6ef75f7d7f3832",
    "https://deno.land/std@0.154.0/testing/asserts.ts": "ac295f7fd22a7af107580e2475402a8c386cb1bf18bf837ae266ac0665786026",
    "https://deno.land/x/mongo@v0.32.0/deps.ts": "1b53a32fbc115195d74ab78e7d21026ea4b6590e5b558b388017cc1a9b8181e6",
    "https://deno.land/x/mongo@v0.32.0/mod.ts": "0989f34d08c40440b8786140abdaf863e964e23df5d1a80e661d3d4170d9d21e",
    "https://deno.land/x/mongo@v0.32.0/src/auth/base.ts": "7fe14cf0a63d6bbc4ba69a000a04b3b184d26842504d94652a6af2d0c9494944",
    "https://deno.land/x/mongo@v0.32.0/src/auth/mod.ts": "b161611bd5be9e9d1b4497227c8ea93ad4daadcd98038c9e5a707bc5da7a25ca",
    "https://deno.land/x/mongo@v0.32.0/src/auth/pbkdf2.ts": "1f1db192fd37869d118ab34780b64567ebcf0ad83a03ef28b3d740cae9adb47a",
    "https://deno.land/x/mongo@v0.32.0/src/auth/scram.ts": "187db02e94e7e5423ec902e87d6839028770dca57830dca7f154dcd22a959c0f",
    "https://deno.land/x/mongo@v0.32.0/src/auth/x509.ts": "a75b27c549707dd441434ae400a3e6a24da7fe7d4e0e80c9bb79dfc6426b651e",
    "https://deno.land/x/mongo@v0.32.0/src/client.ts": "368cac10b3df3bfbc2dfba468d1bbd1332c359a643e0bb81a13d7220a58b43ff",
    "https://deno.land/x/mongo@v0.32.0/src/cluster.ts": "cff69bf284a5c7fcaff231494f1ab56ca652e725e58622723e402fbb61448d0e",
    "https://deno.land/x/mongo@v0.32.0/src/collection/collection.ts": "6748479b4e9992f9f2ce8e22f891f8917349c1a0e53cb89da5a66cf2b44b9016",
    "https://deno.land/x/mongo@v0.32.0/src/collection/commands/aggregate.ts": "440906a670adb46edb36fd95573ffa83f192775108b621520be992165910e895",
    "https://deno.land/x/mongo@v0.32.0/src/collection/commands/find.ts": "5c3b750d8c82ce08d865a381bc71f600406cbc4912c4aa689238755579fb71f8",
    "https://deno.land/x/mongo@v0.32.0/src/collection/commands/list_indexes.ts": "d32a5120305d0547497026b4f5ab2ecc2f40ff7f44c405b99c2a0287765333f5",
    "https://deno.land/x/mongo@v0.32.0/src/collection/commands/update.ts": "cf352108a5dd34f0928c2196a432383d366b8ed292676c71358b9ecf1289418d",
    "https://deno.land/x/mongo@v0.32.0/src/collection/mod.ts": "bd791a0b9b46be4365f88c54893584eadec2f8cd799db9eb05e0b5b4c8d72b8e",
    "https://deno.land/x/mongo@v0.32.0/src/database.ts": "c7b677beddd3eb16f79e8d3c9473b5f86e45541b8a04cc896aabe04d029fa7a0",
    "https://deno.land/x/mongo@v0.32.0/src/error.ts": "8180a822b0831a94a6a28815865b5b40e3996220684bea60fcb81b272ddd06eb",
    "https://deno.land/x/mongo@v0.32.0/src/gridfs/bucket.ts": "a4452d63f6928f57486a214a499b54b80b98cc0d13e3d85a6841b34d5ff12a61",
    "https://deno.land/x/mongo@v0.32.0/src/gridfs/indexes.ts": "7d302114fb4d81c4a873614a51d11ddb8b471f967179dddb8269c39b3cadf4e3",
    "https://deno.land/x/mongo@v0.32.0/src/gridfs/upload.ts": "6a54a21b00c6f22ad0da6ceef7a2932dc600560f594c2551abd8e4a64976abae",
    "https://deno.land/x/mongo@v0.32.0/src/protocol/cursor.ts": "c370a28856fa236129cc2d7abf7ebc4ac6cdd60acb93e0e7371433f7332394cb",
    "https://deno.land/x/mongo@v0.32.0/src/protocol/handshake.ts": "3c3ba547d5322751b9756ce9a4750f3cf18febee0a64edca5b007634bd80e0fe",
    "https://deno.land/x/mongo@v0.32.0/src/protocol/header.ts": "0f28db842f886e57b7013606c1391affab2e2960a1a4568d2502e7b788117716",
    "https://deno.land/x/mongo@v0.32.0/src/protocol/message.ts": "7b4e38489070fc6281d1b3f13e99504310f09273baa8bcb11d82b1e30ea04202",
    "https://deno.land/x/mongo@v0.32.0/src/protocol/mod.ts": "4e24d563049c0a236234598ca786ca13778dc17fdb80ac543ac6c75d0c5094d7",
    "https://deno.land/x/mongo@v0.32.0/src/protocol/protocol.ts": "92568dd86e6ef3f54054113d9f5620f158fc1dfee2a7c9d13623975835d5996a",
    "https://deno.land/x/mongo@v0.32.0/src/types.ts": "355c91b0abc0c77aa1f8fd0dcfcbc47505518f561b72d8fefd4a929b12bc7e48",
    "https://deno.land/x/mongo@v0.32.0/src/types/geojson.ts": "14690e2fa1591939253ddc9de181b0664051e9462db131b72be5fb9d064dff44",
    "https://deno.land/x/mongo@v0.32.0/src/types/geospatial.ts": "c73ee13536365fa5d868b65ab47b3488a5f223a67e1e059761886f750db70ef9",
    "https://deno.land/x/mongo@v0.32.0/src/types/gridfs.ts": "e1fd12c3ca58d437267e7a8557d745d23b9d8916d1da34c1847e5e373728dfa0",
    "https://deno.land/x/mongo@v0.32.0/src/types/read_write_concern.ts": "d00f35eb85520e776741888685d08d479766a19e9a0a970b53f4594c9db00496",
    "https://deno.land/x/mongo@v0.32.0/src/utils/ns.ts": "fb0c57b8dc4d31f8993112d267dec3c163d3e8862198d1cd03b2b51bcc3caad9",
    "https://deno.land/x/mongo@v0.32.0/src/utils/saslprep/deps.ts": "95ceb81b353110526dacf2a98854bc79d6e17d7f173af8806e91c05555d7b8c7",
    "https://deno.land/x/mongo@v0.32.0/src/utils/saslprep/load_code_points.ts": "f6a4ef2eb2345eac40ffbf1a30661cca803f399865f2a0fadafb71f57d4c97bf",
    "https://deno.land/x/mongo@v0.32.0/src/utils/saslprep/memory_pager.ts": "f55a79a13ec569c21630c3915a9af0c6fc0aa2b899121fa2a85a813c6dd4afba",
    "https://deno.land/x/mongo@v0.32.0/src/utils/saslprep/mod.ts": "0a8a39a0784d065a79c54ce63d7d7b103d0b94addc5b7bcf985517ba2442c8a1",
    "https://deno.land/x/mongo@v0.32.0/src/utils/saslprep/sparse_bitfield.ts": "07d6fe2ecd4ba5f711c44c1ae409bb9c1fe3a3cfc09e27434d231d4aae46dd2d",
    "https://deno.land/x/mongo@v0.32.0/src/utils/srv.ts": "ed5f78ffe6480faac68291a87e51e3674eff5f28aec937ee97248e99e1317b16",
    "https://deno.land/x/mongo@v0.32.0/src/utils/uri.ts": "dcfab8e1dcfcc875c75ada1d9f366664480c03b65594990d6342ed88925452e5",
    "https://deno.land/x/web_bson@v0.3.0/mod.js": "8e14aecd31ee63abd30e2dbaa284b4b67abb7ba51fcef5b96af74727cb7c7940",
    "https://deno.land/x/xhr@0.3.0/mod.ts": "094aacd627fd9635cd942053bf8032b5223b909858fa9dc8ffa583752ff63b20",
    "https://esm.sh/express@4.18.2": "8eb1dcd24ea30efbf56b39fe581fd0886ec06b6b6d9300ebf486468b4f6a28fe",
    "https://esm.sh/inngest@2.5.2": "906a2401793b29f21068bba04b1841d91025ef413d8ceb2f0ec092ee3ef39259",
    "https://esm.sh/inngest@2.5.2/express": "b59418179c4dd61d8c1e7d1062554d60518b03286455b6dfa3fd3509be052e4d",
    "https://esm.sh/inngest@2.6.0": "480a39e64fb7a7fef1febab2be7cac799a01529c5d3c32872dc75732fa462f45",
    "https://esm.sh/inngest@2.6.0/express": "cb0ec924bd8fe5aed18de21fb8fcaf22af06e14292ba3c79afa2cc0794dc95cc",
    "https://esm.sh/postgres@3.3.5": "49c4d79110bdf4e32db78b23344fa2b29660f35fa3406f111cbcc20f8eb93227",
    "https://esm.sh/starknet@5.19.5": "ea43acfdbc0848c3da772d562683034bd3a97816f0c0b8ff6b01d3afd72aaa7f",
    "https://esm.sh/ts-postgres@1.3.1": "bfb9c299fa5dc921f129a4e911fd7a68162db7b14acc07d8af7892c37ffcede3",
    "https://esm.sh/v128/ts-postgres@1.3.1/denonext/ts-postgres.mjs": "1d8ae4c029f254345f73f306e16e78904e08e3ef1894cf958a83b955949a8383",
    "https://esm.sh/v128/ts-typed-events@3.0.0/denonext/ts-typed-events.mjs": "cc699078f3080741d529c836bd1f0ba2eb9664ba0e166715f54924e5269c8af0",
    "https://esm.sh/v131/@types/body-parser@1.19.2/index.d.ts": "0a9a8fa23cb3771987b79f62fcbfbfd0520f38b0df87ee221a6e2b9bccc55f3b",
    "https://esm.sh/v131/@types/connect@3.4.35/index.d.ts": "f4086b8d7ef956dfdc49d166bdfe196ce655318747b1720ed19dbd035ff5aa9d",
    "https://esm.sh/v131/@types/express@4.17.17/index.d.ts": "81f88f43576cb938cbbf48f63456a3358ce72a5935ee3f487d0a356c79606935",
    "https://esm.sh/v131/@types/http-errors@2.0.1/index.d.ts": "f463d61cf39c3a6a5f96cdf7adfdb72a0b1d663f7b5d5b6dd042adba835430c2",
    "https://esm.sh/v131/@types/mime@3.0.1/Mime.d.ts": "b3f03e96a92599146c7b4b38af1443256429252a72d12c52a0e33c80077f2da1",
    "https://esm.sh/v131/@types/mime@3.0.1/index.d.ts": "b9084a966cf1c1304dde0d40c3e0e15483b8146ce05d28ab2e67d46872cdf8bf",
    "https://esm.sh/v131/@types/node@18.16.19/buffer.d.ts": "40763cb36afc5443fa1dffd26f48a156cdf50533c2714f4f89a3373c87044440",
    "https://esm.sh/v131/@types/node@18.16.19/crypto.d.ts": "48de76ecbb630122f559bdccb22502d057c3fabcf3e5a9b74813d63459f76eeb",
    "https://esm.sh/v131/@types/node@18.16.19/dns.d.ts": "e1a77f500b54c06d31a886b33c071b7828af0c0166db4f6364350a6ca4f91dce",
    "https://esm.sh/v131/@types/node@18.16.19/dns/promises.d.ts": "9b35e07db19d881da03afd3107f993b7d1bb5e7ec117c4e5d1052cf08125db63",
    "https://esm.sh/v131/@types/node@18.16.19/events.d.ts": "608cb96a25d8567f2ad5488c9115564ecea1f5e2d00e42a4c8fe266c301ded1d",
    "https://esm.sh/v131/@types/node@18.16.19/http.d.ts": "3d7659f8829bca7a70f8e68e4d736ecaca02f908152d3498a251ad42138f3e02",
    "https://esm.sh/v131/@types/node@18.16.19/net.d.ts": "76179314a335a388a90239e8b6118815895f4c619250c16c6be155da6d2bd95c",
    "https://esm.sh/v131/@types/node@18.16.19/querystring.d.ts": "ddf799cad1ce7cac70da229c77246d4b2818b37ae8ba3001c083623c7b201dd2",
    "https://esm.sh/v131/@types/node@18.16.19/stream.d.ts": "613f28b368c09a6b49fd4f7726e5d201218b3ec3b5ed0c859e0f90c4e65f0e5a",
    "https://esm.sh/v131/@types/node@18.16.19/stream/consumers.d.ts": "0480c366c6ea97fbf43c4999f4414b324bc26fa13054a27bb04016675c82dd95",
    "https://esm.sh/v131/@types/node@18.16.19/stream/promises.d.ts": "9e48174243a96c4bcfdf2615e70a6e5ed97f4b5170531bb8b41fa1c0d1fa16dc",
    "https://esm.sh/v131/@types/node@18.16.19/stream/web.d.ts": "b83e7a3a397183c3ba3859ee8fb75d745ad96134539d2ad4f7bd166b60b895b9",
    "https://esm.sh/v131/@types/node@18.16.19/tls.d.ts": "202d7d09dae49b4206e11a6db67122309a81135427e741686c5a791d733c1897",
    "https://esm.sh/v131/@types/node@18.16.19/url.d.ts": "a4c1c558f9149396cbf589a7f034b52622a975517b45a5763c7db97f2ff7b9f1",
    "https://esm.sh/v131/@types/qs@6.9.7/index.d.ts": "ba601641fac98c229ccd4a303f747de376d761babb33229bb7153bed9356c9cc",
    "https://esm.sh/v131/@types/serve-static@1.15.2/index.d.ts": "3b93efe24d5c91f00204d4bff0248f1d1b515a19c1745ef7f3476b0caf9a5c70",
    "https://esm.sh/v131/accepts@1.3.8/denonext/accepts.mjs": "43d9210382e4d402d0d25333862c877f8d825d6dcffb50799d6af792c1da3d11",
    "https://esm.sh/v131/ansi-styles@4.3.0/denonext/ansi-styles.mjs": "d2e9cd34a6720dce46be2826eec89d2884a79e635389e2ffac47219beaf5c7c5",
    "https://esm.sh/v131/body-parser@1.20.1/denonext/body-parser.mjs": "ec4fe0c9dbf2c0e212f978c8b477f38bcbab1497538a3112521bdd1c21742858",
    "https://esm.sh/v131/bytes@3.1.2/denonext/bytes.mjs": "727f99cf6d5675ef6f5095c87c810c4117074bad2fcb164eac15abdec967d6c1",
    "https://esm.sh/v131/call-bind@1.0.2/denonext/callBound.js": "76985b9cd6fb9691ff1747a704613501e96c2723735e3f13dee7dc345ef0817d",
    "https://esm.sh/v131/canonicalize@1.0.8/denonext/canonicalize.mjs": "8d39e83379bd1a9dc5edcc348bbc8a62bc8be8d927242a5d23d0f8ac86622777",
    "https://esm.sh/v131/chalk@4.1.2/denonext/chalk.mjs": "abd92d7c5d0c85d85b2ca36e41d5f3d4cd311047a4bfbd3185c6a1df1bec8773",
    "https://esm.sh/v131/color-convert@2.0.1/denonext/color-convert.mjs": "c9a50d1be7f597c20dc0824768837ac7fda0b3a472902b2d04780b4d4be731c6",
    "https://esm.sh/v131/color-name@1.1.4/denonext/color-name.mjs": "88abd3b0b19ef92d342221b38dc51760a4bab4540308c2dcb9db3c2cc68e5986",
    "https://esm.sh/v131/content-disposition@0.5.4/denonext/content-disposition.mjs": "e728caa1f23c813acb4aada7feeace3adf0f222eb59e964522f103fcf594cf17",
    "https://esm.sh/v131/content-type@1.0.5/denonext/content-type.mjs": "0a76f5bf728090f75a34f227efe77a9ad37c0eaa10539e012bc5dc059b9657fa",
    "https://esm.sh/v131/cookie-signature@1.0.6/denonext/cookie-signature.mjs": "67a2f0d8c2c33165424b5d5c363baeae7b8d03ab88fe146859d8e967c6a86410",
    "https://esm.sh/v131/cookie@0.5.0/denonext/cookie.mjs": "0a77faad2fd5a00b39f51b7d7ab08f9bf18f3908d3eb4559cf58fc687f9f9983",
    "https://esm.sh/v131/cross-fetch@3.1.8/denonext/cross-fetch.mjs": "8fba9e7c3fbaf0d2168beb63ce0cd21b5bfbfbd77e2fcbf8d957d533a71222f6",
    "https://esm.sh/v131/debug@2.6.9/denonext/debug.mjs": "ba5bc78f13c3ce6d9267884b058f911684dfb592235e09f3b44bd72bff7c8746",
    "https://esm.sh/v131/depd@2.0.0/denonext/depd.mjs": "fda65d2a966c5228c771a03b7756a5be1579e99ce7395f739985d0833c7207fd",
    "https://esm.sh/v131/destroy@1.2.0/denonext/destroy.mjs": "12f4dd5df7ffa77aaf2e1f44f193f2479cc5839fb5ff9feafdf6b47fc8e16f7c",
    "https://esm.sh/v131/ee-first@1.1.1/denonext/ee-first.mjs": "c655caffe0672068733c5cfdfbec78642a8fbf64b4ce3c9fc32f401efefeaa1a",
    "https://esm.sh/v131/encodeurl@1.0.2/denonext/encodeurl.mjs": "dccc811e5af731341108e5af6a0ce67f8c948f35bb2b269bd0ea70e1475511e4",
    "https://esm.sh/v131/escape-html@1.0.3/denonext/escape-html.mjs": "836d29b9da47c2ac09ffa144f01a4726a38b4e4a9748e37cd115a6316aed2b00",
    "https://esm.sh/v131/etag@1.8.1/denonext/etag.mjs": "6763dab9e976971d02ac25effb823ac49d0151175594ee7c841f468783765745",
    "https://esm.sh/v131/express-serve-static-core@0.1.1/express-serve-static-core.d.ts": "3d405b7f7e6a580516130d15d2f1935e7349d545a124d122e4bc1c327952e1b6",
    "https://esm.sh/v131/express@4.18.2/denonext/express.mjs": "cfa4fe26e32f14f17c84ef55c366dd04d24338314a8d3ed9eedaabb7da449300",
    "https://esm.sh/v131/finalhandler@1.2.0/denonext/finalhandler.mjs": "c5fd93be14594e5d102aea2db61efda7b0ee0199e2357032123e3b8d931e732f",
    "https://esm.sh/v131/forwarded@0.2.0/denonext/forwarded.mjs": "72e79cf9e130e81a182f26af69493c8f20857b6f03623f16b3afe9e18b25411d",
    "https://esm.sh/v131/fresh@0.5.2/denonext/fresh.mjs": "e43787c17dea3cbe8bfed87a051ebb57eaf40d42d34931db2638d437d1766429",
    "https://esm.sh/v131/function-bind@1.1.1/denonext/function-bind.mjs": "331f5d2a5830a67a767be946331716b1b9db05125891100a16e24114dba8ef87",
    "https://esm.sh/v131/get-intrinsic@1.2.1/denonext/get-intrinsic.mjs": "fbfbd089e0279caec14aaa38674f85913c6eeebc41628c861a8a43a5bb974f0e",
    "https://esm.sh/v131/has-proto@1.0.1/denonext/has-proto.mjs": "443f9773e464b39534dbecaee040e5de8384e8efaeea7a6d3e333df4069d1f85",
    "https://esm.sh/v131/has-symbols@1.0.3/denonext/has-symbols.mjs": "452727b5dbec94d538c5e8e062ed82bee701c3b752eb21e6189978e92292b7c6",
    "https://esm.sh/v131/has@1.0.3/denonext/has.mjs": "863ea1c6778762af15a01d6b6cb050be483239a2394a1cbd48ad861cdcd1e5d8",
    "https://esm.sh/v131/hash.js@1.1.7/denonext/hash.mjs": "3bee185cbac62345a85d808fe3e16dbbac148efbf2deec38271e4f0e0aa00cf0",
    "https://esm.sh/v131/http-errors@2.0.0/denonext/http-errors.mjs": "90d652b27ee00aed563670dee26cde3d4405e2c685080f23211be4003fbe78fc",
    "https://esm.sh/v131/iconv-lite@0.4.24/denonext/iconv-lite.mjs": "60c6fb4dc3a5422214e9fa3d7b5a0f61499082e792eb0453b91df53e565d7c92",
    "https://esm.sh/v131/inherits@2.0.4/denonext/inherits.mjs": "8095f3d6aea060c904fb24ae50f2882779c0acbe5d56814514c8b5153f3b4b3b",
    "https://esm.sh/v131/inngest@2.5.2/components/EventSchemas.d.ts": "c4cc8cad8f40cdb813d828f22c778d49e62d1bb761f674848581a0ddd0d168f0",
    "https://esm.sh/v131/inngest@2.5.2/components/Inngest.d.ts": "539eef4066327aa9b4706441e7a5fda31ca4c6c801e5cc1952df44d4f8ddbfa1",
    "https://esm.sh/v131/inngest@2.5.2/components/InngestCommHandler.d.ts": "545bdd4a1bd12f18e79198f1b0c3ffff4b8702e4b50d09d5ca7ae86d9ab0f2cc",
    "https://esm.sh/v131/inngest@2.5.2/components/InngestFunction.d.ts": "77f8af24c79461a5125260ee2c29c687bcf498e69a8607ee59f03d5f5c520132",
    "https://esm.sh/v131/inngest@2.5.2/components/InngestMiddleware.d.ts": "33b3e8d1385903f9f19653acfca83f76d08bc231ce70f2836fb7b33a96854a3b",
    "https://esm.sh/v131/inngest@2.5.2/components/InngestStepTools.d.ts": "2796084fb8abd521e0c4b74e15441cd0be966d0d384ed710b328e911537955ef",
    "https://esm.sh/v131/inngest@2.5.2/components/NonRetriableError.d.ts": "ff391b05dd91aa91c5f0c9af291d7cc87cb8b26832a2225c18ab8395c723f6a6",
    "https://esm.sh/v131/inngest@2.5.2/denonext/express.js": "f3d2cd5853f2c1ee933966a2ce6da4af1ba4288041b8a53d87bfc45f97163598",
    "https://esm.sh/v131/inngest@2.5.2/denonext/inngest.mjs": "563c242af896e7951cbc5b58161b5858f25a9f54d6d5effcf5a3793b87b1f6f1",
    "https://esm.sh/v131/inngest@2.5.2/express.d.ts": "2a1aca5603cc34b55f63a6c757083412839d1da8092d44b0e2807800985d9c31",
    "https://esm.sh/v131/inngest@2.5.2/helpers/ServerTiming.d.ts": "f405b87f9fffb9733243f19d4136103ecc830c64dde64912b5f223d78fd23d90",
    "https://esm.sh/v131/inngest@2.5.2/helpers/consts.d.ts": "795882f98f024edc8f1f1ac374d0d27920852b1b542bc88ad2dc4affa5708c2d",
    "https://esm.sh/v131/inngest@2.5.2/helpers/types.d.ts": "76575207267b2718ed2576ca13d8188a74b506daa5c68f8aa1058eb552c49c94",
    "https://esm.sh/v131/inngest@2.5.2/index.d.ts": "0cfe98f05038e0ebb7f4eefba09f47de0ed95b950e26784bcc3eee8240b6d89f",
    "https://esm.sh/v131/inngest@2.5.2/middleware/logger.d.ts": "d030606933374d6f4fdb13d7a9232ce5aa6500e894d1bba501a0545711053e80",
    "https://esm.sh/v131/inngest@2.5.2/types.d.ts": "5e7bdd40d3b2e5f38aeff227474dd7671f8c0b9feee49a1e04700462fe6f04ba",
    "https://esm.sh/v131/inngest@2.6.0/denonext/express.js": "0581154527f3d0aed85170ecefdd1a446c9cdeea2bf699fbb092646a645688c7",
    "https://esm.sh/v131/inngest@2.6.0/denonext/inngest.mjs": "e1ca2836b2e3077fd107e87e3b2cc15fc66ea7efc45ba0fb9336a09d5b0b7807",
    "https://esm.sh/v131/ipaddr.js@1.9.1/denonext/ipaddr.mjs": "b53fc977cda5b9ee595ccf9693a02bd6cc9741c51e5d0002b7677bcbd7f300b2",
    "https://esm.sh/v131/json-stringify-safe@5.0.1/denonext/json-stringify-safe.mjs": "4e8043a286815d39517ff646c371ed0fc9334a44eafb5c58cb92d1bb55762671",
    "https://esm.sh/v131/media-typer@0.3.0/denonext/media-typer.mjs": "40ea9972d4a533872bd3403f95a32f1faddd04817be75597287a7cad60b0a96a",
    "https://esm.sh/v131/merge-descriptors@1.0.1/denonext/merge-descriptors.mjs": "de42c926d830041381e6e36fdb576a272047853a01e8d158a59197586a8d11b0",
    "https://esm.sh/v131/methods@1.1.2/denonext/methods.mjs": "df1fa8e775f52f9f2ee5edc8ae6a1f587196e535579dd55dd0ac222a0ecbf039",
    "https://esm.sh/v131/mime-db@1.52.0/denonext/mime-db.mjs": "52b5de94b0afa2139224f83773d90861fbc2fca6a1994f1a00a52733e14f4720",
    "https://esm.sh/v131/mime-types@2.1.35/denonext/mime-types.mjs": "8fafc1d0c082ee2c9a79e77a9679adf839e919ded23fca6a4ed1572134a2bb55",
    "https://esm.sh/v131/mime@1.6.0/denonext/mime.mjs": "c39ec785aa5ba3627bfc5ad35d38f9bba30a936bf30977102572430f602b9d56",
    "https://esm.sh/v131/minimalistic-assert@1.0.1/denonext/minimalistic-assert.mjs": "9f5052e2c0ca7967ae65aee90db64a4f2014eebe14d6b774933e05d349c79c83",
    "https://esm.sh/v131/ms@2.0.0/denonext/ms.mjs": "3d3c2d9fc775a062db98f0d6da4e660539a5a2f3fc30a017f8381c48e06eb547",
    "https://esm.sh/v131/ms@2.1.3/denonext/ms.mjs": "0f06597e493998793b8f52232868976128fca326eec3bcd56f10e66e6efd1839",
    "https://esm.sh/v131/negotiator@0.6.3/denonext/negotiator.mjs": "00b4932ba3f3502ac746fd05716058f72d272629bc9c49e286ac483ebb928077",
    "https://esm.sh/v131/node.ns.d.ts": "0fb081f0cd2150931bd54baa04f31466abd9ca701fd9060d07931402cf8367ba",
    "https://esm.sh/v131/object-inspect@1.12.3/denonext/object-inspect.mjs": "6cc9da4b2d1ebcc6008ba2fcc809430229062318eb0aff45eddc44ade994f7ed",
    "https://esm.sh/v131/on-finished@2.4.1/denonext/on-finished.mjs": "b6a53160a7a50c56ed90be55063171e7487ab2c6a73e68056f813d595a8711b3",
    "https://esm.sh/v131/parseurl@1.3.3/denonext/parseurl.mjs": "2ce692590dbef75165d259963e2ad99007ef617b74b865cb8072ceefe53290ac",
    "https://esm.sh/v131/path-to-regexp@0.1.7/denonext/path-to-regexp.mjs": "1882fa76d8b6aa20a9bcc1a926cbf1a1b6476cb41bec4ee54d6bf33ae627dbee",
    "https://esm.sh/v131/proxy-addr@2.0.7/denonext/proxy-addr.mjs": "522c618d651b0314665f77a25603de1d253bd12f01e958e24be00c11c5908a57",
    "https://esm.sh/v131/qs@6.11.0/denonext/qs.mjs": "df56a9e09f766d0c0de900709f6ddea12bed4bf9c1de497bbc3909347b8916af",
    "https://esm.sh/v131/range-parser@1.2.1/denonext/range-parser.mjs": "6c949446640944b4f877b1023adbedbe9c981b960cee369f9a3f7c3dcc3fbee1",
    "https://esm.sh/v131/raw-body@2.5.1/denonext/raw-body.mjs": "dabad22d26661b63798e1bd47eb9c1f761236adc5dab65df208fc3c8977852a7",
    "https://esm.sh/v131/safe-buffer@5.2.1/denonext/safe-buffer.mjs": "facbcb4f4622e13062978522fa12c42cae4e12f55b0e1d3fa1c4bc751bd827c7",
    "https://esm.sh/v131/safer-buffer@2.1.2/denonext/safer-buffer.mjs": "ce0e787812c668ba082ad5b75958490c714b6e05836bd5b6013d9f75727c006f",
    "https://esm.sh/v131/send@0.18.0/denonext/send.mjs": "dbbac20ddf2ca1e04deba67722ce32d0ca81f88421305ae2f9939b420ceec46b",
    "https://esm.sh/v131/serialize-error-cjs@0.1.3/denonext/serialize-error-cjs.mjs": "114a8cde7b76e69cefcf431c138799c671ebc8df0bd36d2ca4801a1158027c1c",
    "https://esm.sh/v131/serve-static@1.15.0/denonext/serve-static.mjs": "8857349f49f2de83ef784f38bdb83f8fb6e65917e71a4b8ab0685857c8b06056",
    "https://esm.sh/v131/setprototypeof@1.2.0/denonext/setprototypeof.mjs": "3c433ff9b1f70f65d63ad4320ed48ed97a61393cfe63f9582154c5ef4c1e4ae3",
    "https://esm.sh/v131/side-channel@1.0.4/denonext/side-channel.mjs": "b0ee720226140242f7ac8f1db415f7d2e4520c7119bbd049c5727b720ee90d69",
    "https://esm.sh/v131/statuses@2.0.1/denonext/statuses.mjs": "04eebf4fa5711688b325f7c7b29b31c012cf797b15795832c9b9db65a3f16a5d",
    "https://esm.sh/v131/supports-color@7.2.0/denonext/supports-color.mjs": "bfb8afea23acbb340e2982642a097ac1114d9cb53db101c6e54e5f1dbc51acfd",
    "https://esm.sh/v131/toidentifier@1.0.1/denonext/toidentifier.mjs": "096561de448c16b623c023497eea7ce6232a0c6684bd500761cd35eedd5ed73d",
    "https://esm.sh/v131/type-fest@3.13.1/index.d.ts": "3d712699c83206041da12388319a3eadc435f6ef535799d41fd630ab2e5920d0",
    "https://esm.sh/v131/type-fest@3.13.1/source/async-return-type.d.ts": "2d3f23c577a913d0f396184f31998507e18c8712bc74303a433cf47f94fd7e07",
    "https://esm.sh/v131/type-fest@3.13.1/source/asyncify.d.ts": "9790af9ac67eef3260f889ef3ecf0f4d98d6880d7150e787ca370f5b2285de06",
    "https://esm.sh/v131/type-fest@3.13.1/source/basic.d.ts": "26dc8314c91b71c393777840a087650e63face85904ea8bb7c1c1895f01e8391",
    "https://esm.sh/v131/type-fest@3.13.1/source/camel-case.d.ts": "abd36b105fa5228f11f190a17f8633f10a37d716dab1ec6759af343d837d8784",
    "https://esm.sh/v131/type-fest@3.13.1/source/camel-cased-properties-deep.d.ts": "41df7a8304d8af7b8550f8d9efef6bc425eb129db1bfb7acd9e5016207753175",
    "https://esm.sh/v131/type-fest@3.13.1/source/camel-cased-properties.d.ts": "a11b82b728e22212ef30e3adf89d5058da87cc5ae1fb55276540776a1ebd0b08",
    "https://esm.sh/v131/type-fest@3.13.1/source/conditional-except.d.ts": "4fbaf2a6ed86c2caf216f0747b9389d8eaf2faeb93fbb7c81a040355a5c24268",
    "https://esm.sh/v131/type-fest@3.13.1/source/conditional-keys.d.ts": "4d397c276bd0d41f8a5a0d67a674d5cf3f79b79b0f4df13a0fbefdf0e88f0519",
    "https://esm.sh/v131/type-fest@3.13.1/source/conditional-pick-deep.d.ts": "4e30cb77bf52c6bc4a5669c181fdfc93afeaf457ce78abfd64036e899158e2f1",
    "https://esm.sh/v131/type-fest@3.13.1/source/conditional-pick.d.ts": "786cc3fb03891009cb44365b9bea84ab4fca67c7edcf4e3dead1e7477fdbccd4",
    "https://esm.sh/v131/type-fest@3.13.1/source/conditional-simplify.d.ts": "ef4c9ef3ec432ccbf6508f8aa12fbb8b7f4d535c8b484258a3888476de2c6c36",
    "https://esm.sh/v131/type-fest@3.13.1/source/delimiter-case.d.ts": "f7836012ce61e04ac36e3becb930c8a1f098158dc14663aa9019a6bca7d28297",
    "https://esm.sh/v131/type-fest@3.13.1/source/delimiter-cased-properties-deep.d.ts": "3fa379b4dc1495a49a2e890c5f66e7ae6c24f4aa0d85ef61e030c1a7764624ac",
    "https://esm.sh/v131/type-fest@3.13.1/source/delimiter-cased-properties.d.ts": "53a483a4e7507732e62946eb38c5dc760b6c05433aad78b991bbb7a8d95ad33b",
    "https://esm.sh/v131/type-fest@3.13.1/source/empty-object.d.ts": "86b484bcf6344a27a9ee19dd5cef1a5afbbd96aeb07708cc6d8b43d7dfa8466c",
    "https://esm.sh/v131/type-fest@3.13.1/source/enforce-optional.d.ts": "c31a7bdae416090c583cf9e8712b303b1cb160421b8c796571dade824a1d6bc5",
    "https://esm.sh/v131/type-fest@3.13.1/source/entries.d.ts": "5d4bcc970e12968c4c2cae9ceed1aa4bd95c56f5b6762bc5451f7469a9e1cffd",
    "https://esm.sh/v131/type-fest@3.13.1/source/entry.d.ts": "37569cc8f21262ca62ec9d3aa8eb5740f96e1f325fad3d6aa00a19403bd27b96",
    "https://esm.sh/v131/type-fest@3.13.1/source/exact.d.ts": "964dbbbe2b11bc84946ef1579fe8ece27fb4491203a8681b0aebbc47ff0fb542",
    "https://esm.sh/v131/type-fest@3.13.1/source/except.d.ts": "7a3145ad91fa697b31c26e004dc9fecae0770ebf65a0f31ca982de09c91a4d57",
    "https://esm.sh/v131/type-fest@3.13.1/source/fixed-length-array.d.ts": "31073e7d0e51f33b1456ff2ab7f06546c95e24e11c29d5b39a634bc51f86d914",
    "https://esm.sh/v131/type-fest@3.13.1/source/get.d.ts": "f58862a91864a6977e71db2185ec33bc8ad19061e9681aa3f0308ef3753d78fe",
    "https://esm.sh/v131/type-fest@3.13.1/source/global-this.d.ts": "9e5c7463fc0259a38938c9afbdeda92e802cff87560277fd3e385ad24663f214",
    "https://esm.sh/v131/type-fest@3.13.1/source/has-optional-keys.d.ts": "3f3cf725b6433be4973f5c416bd5c0f4806d80143ef2ad7f1e5989d4ad1e079f",
    "https://esm.sh/v131/type-fest@3.13.1/source/has-readonly-keys.d.ts": "c8530af67f5c25dec3a19fc9e58daca10898c4b984feb58865aa2fb09895697a",
    "https://esm.sh/v131/type-fest@3.13.1/source/has-required-keys.d.ts": "57ec00a8b4656cd36eaeec2279708530d9e490d37664b6ba4cbb64df81999f56",
    "https://esm.sh/v131/type-fest@3.13.1/source/has-writable-keys.d.ts": "8e6b58e09d587899fd6496494e4ac181f15e352567a9ea7a7bddcea7a7339a07",
    "https://esm.sh/v131/type-fest@3.13.1/source/if-any.d.ts": "bd13a4c5ddac3e85bd1fa4f2bdea843dc5bc70b67ec3fe9e69ddda875ae34e14",
    "https://esm.sh/v131/type-fest@3.13.1/source/if-never.d.ts": "d6e9ccbbc6b45c576d32b28e457253cd43cd2ea9f5d309db28fc10ac7952eb1e",
    "https://esm.sh/v131/type-fest@3.13.1/source/if-unknown.d.ts": "b28004e7b166cc4d2802fe1d989549d823b3f59c1796053f547ac7ed4ca86d7b",
    "https://esm.sh/v131/type-fest@3.13.1/source/includes.d.ts": "f7e96ea986e74dec1ac7b33a1a9ee0860c1c09a872d7f44678f00afae8ff5b3d",
    "https://esm.sh/v131/type-fest@3.13.1/source/internal.d.ts": "59fbd4d59be2caa556e45349c13bb0904e8d915b82add0d2daad243043c4af37",
    "https://esm.sh/v131/type-fest@3.13.1/source/invariant-of.d.ts": "e6c834f373990e5de61a78744152f2b7a599ee967cf04e84322a3e8ff027123a",
    "https://esm.sh/v131/type-fest@3.13.1/source/is-any.d.ts": "1cf99fe49768500d01d873870085c68caa2b311fd40c1b05e831de0306f5f257",
    "https://esm.sh/v131/type-fest@3.13.1/source/is-equal.d.ts": "15ab3db8aa099e50e8e6edd5719b05dd8abf2c75f56dc3895432d92ec3f6cd6b",
    "https://esm.sh/v131/type-fest@3.13.1/source/is-literal.d.ts": "1a66b70564a5803f89bd417a4ee6e0bc202a3a92668125bd500c3a3ae95d6a62",
    "https://esm.sh/v131/type-fest@3.13.1/source/is-never.d.ts": "f9b229aaa696a31f6566b290305f99e5471340b0a041d5ae9bd291f69d96a618",
    "https://esm.sh/v131/type-fest@3.13.1/source/is-unknown.d.ts": "b3a03fdfd2fe6ef1cfb572214d81c55c7283ab8acc9c2a3a7df79ac0f4434f6c",
    "https://esm.sh/v131/type-fest@3.13.1/source/iterable-element.d.ts": "a90339d50728b60f761127fe75192e632aa07055712a377acd8d20bb5d61e80c",
    "https://esm.sh/v131/type-fest@3.13.1/source/join.d.ts": "c65a41b9185521fb1d98111fd30fa4b3a5020c0e9cd8bb8c691d5536c8688156",
    "https://esm.sh/v131/type-fest@3.13.1/source/jsonifiable.d.ts": "f22a4648ea126a528c45d31d8af3862ae295ecf5f4ca8779a073fecfa2bf5598",
    "https://esm.sh/v131/type-fest@3.13.1/source/jsonify.d.ts": "1762ecf63df6652071b272fd351b79a66e4d47b8a8c85ab5ac86505e98388c3b",
    "https://esm.sh/v131/type-fest@3.13.1/source/kebab-case.d.ts": "8334c9afec985ebeea30b1dfdf16b6181d898fef65308f26bb09abad3dbb559b",
    "https://esm.sh/v131/type-fest@3.13.1/source/kebab-cased-properties-deep.d.ts": "f003c0c24c53d6ff6787cb4bd1b09e0b8f88978c042100012423f94ffc6dbecb",
    "https://esm.sh/v131/type-fest@3.13.1/source/kebab-cased-properties.d.ts": "715753f0b9386fd0bccf157a4c61e976b9b165c84c4ef647807f53bf82c2170d",
    "https://esm.sh/v131/type-fest@3.13.1/source/last-array-element.d.ts": "08f95bee0619072d2c49854434af3e53d94e7e762fc082b49cea59e77db06905",
    "https://esm.sh/v131/type-fest@3.13.1/source/literal-to-primitive-deep.d.ts": "b2b60017c317b8899e7ffdefea0b26a65bf158c3252f003bd67c470ce0af05a2",
    "https://esm.sh/v131/type-fest@3.13.1/source/literal-to-primitive.d.ts": "e79e530a8216ee171b4aca8fc7b99bd37f5e84555cba57dc3de4cd57580ff21a",
    "https://esm.sh/v131/type-fest@3.13.1/source/literal-union.d.ts": "64d88b9816de9df025d191ad9bb578fe7f44ce17daba66f7062b0c92e855b186",
    "https://esm.sh/v131/type-fest@3.13.1/source/merge-deep.d.ts": "fbbf209d52076b5d13d80a2bc01e392aed7e6e3a75c6493bf79fc625a4b25efb",
    "https://esm.sh/v131/type-fest@3.13.1/source/merge-exclusive.d.ts": "f981ffdbd651f67db134479a5352dac96648ca195f981284e79dc0a1dbc53fd5",
    "https://esm.sh/v131/type-fest@3.13.1/source/merge.d.ts": "e5ace1de1328fe4b618566bf723fcea0fe982ff48fc872e316fb12890ac4476d",
    "https://esm.sh/v131/type-fest@3.13.1/source/multidimensional-array.d.ts": "560712389c8fbfd649582cd8a44f5afea36303f1a168355163020da034f5c917",
    "https://esm.sh/v131/type-fest@3.13.1/source/multidimensional-readonly-array.d.ts": "477f63faa5b69b491d797ad0a323d141c624ab76ef1c3a70449f4a7f7f457a9b",
    "https://esm.sh/v131/type-fest@3.13.1/source/numeric.d.ts": "f5f716848e9b1e873519aa6408c35ac70c1ec471c460497842f28644dd906cb1",
    "https://esm.sh/v131/type-fest@3.13.1/source/observable-like.d.ts": "4f24c2781b21b6cd65eede543669327d68a8cf0c6d9cf106a1146b164a7c8ef9",
    "https://esm.sh/v131/type-fest@3.13.1/source/omit-index-signature.d.ts": "4502caaa3fff6c9766bfc145b1b586ef26d53e5f104271db046122b8eef57fd1",
    "https://esm.sh/v131/type-fest@3.13.1/source/opaque.d.ts": "de2b56099545de410af72a7e430ead88894e43e4f959de29663d4d0ba464944d",
    "https://esm.sh/v131/type-fest@3.13.1/source/optional-keys-of.d.ts": "1edc9192dfc277c60b92525cdfa1980e1bfd161ae77286c96777d10db36be73c",
    "https://esm.sh/v131/type-fest@3.13.1/source/override-properties.d.ts": "94f3724f1e04b586926cd1d8caa4b5e27db712f0d6e5edc4c9e9985b406b62d9",
    "https://esm.sh/v131/type-fest@3.13.1/source/package-json.d.ts": "7fb4e5ecec8847a5f2c9375a9dbd3a3539dee398bfc46fdd0f96df3f16142df2",
    "https://esm.sh/v131/type-fest@3.13.1/source/partial-deep.d.ts": "bcff58ee49ffe2a63d833b7d5f197acad967870419a5d9310d619937fff2a87b",
    "https://esm.sh/v131/type-fest@3.13.1/source/partial-on-undefined-deep.d.ts": "ff96d25cea0eca1891984183aca526bbf3e94d421d70b5a9a6afd3654dfa9a88",
    "https://esm.sh/v131/type-fest@3.13.1/source/pascal-case.d.ts": "3166b2a8fe882b930ee588d1d5b3af96e4eb8745dedbe8bd19025403c3329001",
    "https://esm.sh/v131/type-fest@3.13.1/source/pascal-cased-properties-deep.d.ts": "dac9fc2ea5e45520b8b5f535d91b25291f48fd7c82a1fc8761e15ab3ee92e049",
    "https://esm.sh/v131/type-fest@3.13.1/source/pascal-cased-properties.d.ts": "264e911099e2b1fa781035564337f9505be9b94ed66e6ec2a2e239de744cfe20",
    "https://esm.sh/v131/type-fest@3.13.1/source/pick-index-signature.d.ts": "382f061a24f63ef8bfb1f7a748e1a2568ea62fb91ed1328901a6cf5ad129d61c",
    "https://esm.sh/v131/type-fest@3.13.1/source/primitive.d.ts": "cd51ceafea7762ad639afb3ca5b68e1e4ffeaacaa402d7ef2cae17016e29e098",
    "https://esm.sh/v131/type-fest@3.13.1/source/promisable.d.ts": "03ed68319c97cd4ce8f1c4ded110d9b40b8a283c3242b9fe934ccfa834e45572",
    "https://esm.sh/v131/type-fest@3.13.1/source/readonly-deep.d.ts": "7e21e4c1dae568376864c32fa1b9d03fa924768ed7fff2140a51ecb09d578dcb",
    "https://esm.sh/v131/type-fest@3.13.1/source/readonly-keys-of.d.ts": "a06640acfcdd87f7eb339775dfa9bfe5970a08a93a6ac54840842034d1fafb6d",
    "https://esm.sh/v131/type-fest@3.13.1/source/readonly-tuple.d.ts": "4ce53edb8fb1d2f8b2f6814084b773cdf5846f49bf5a426fbe4029327bda95bf",
    "https://esm.sh/v131/type-fest@3.13.1/source/replace.d.ts": "0e0b8353d6d7f7cc3344adbabf3866e64f2f2813b23477254ba51f69e8fdf0eb",
    "https://esm.sh/v131/type-fest@3.13.1/source/require-all-or-none.d.ts": "a24c4fe21d5b13a9ecbbb39b5e22f5d4c6fe5feebb074865ba2de273381a73ae",
    "https://esm.sh/v131/type-fest@3.13.1/source/require-at-least-one.d.ts": "09587c0c4f8f4c24928f2c2908ac87879f7b09918b55fa0412e1093519bd795a",
    "https://esm.sh/v131/type-fest@3.13.1/source/require-exactly-one.d.ts": "a1c85a61ff2b66291676ab84ae03c1b1ff7139ffde1942173f6aee8dc4ee357b",
    "https://esm.sh/v131/type-fest@3.13.1/source/required-deep.d.ts": "bf5d0ac7ee671fd012cc831631393f1dbc7c809853a30acb411c24768a91efd6",
    "https://esm.sh/v131/type-fest@3.13.1/source/required-keys-of.d.ts": "75a7db3b7ddf0ca49651629bb665e0294fda8d19ba04fddc8a14d32bb35eb248",
    "https://esm.sh/v131/type-fest@3.13.1/source/schema.d.ts": "95956d470e8b5a94cb86d437480e3e2cb65d00cd5f79f7521b57de3fc0726de9",
    "https://esm.sh/v131/type-fest@3.13.1/source/screaming-snake-case.d.ts": "1ca290cf27a0c71fde96505116150d88ee2ec09f97fd1f80b137da154ea26c57",
    "https://esm.sh/v131/type-fest@3.13.1/source/set-non-nullable.d.ts": "1f0ee5ddb64540632c6f9a5b63e242b06e49dd6472f3f5bd7dfeb96d12543e15",
    "https://esm.sh/v131/type-fest@3.13.1/source/set-optional.d.ts": "86471bdc467d40d83c18fc892c5073a59dd79b0436c96086f1d4885235391498",
    "https://esm.sh/v131/type-fest@3.13.1/source/set-readonly.d.ts": "f2a7776d6fdead5455fef25af4d3f48dbc75abbcf0fe3da29940f9f1121a800f",
    "https://esm.sh/v131/type-fest@3.13.1/source/set-required.d.ts": "0ba022b7e9bf61a00547a8f2c10c613f96e4bacfa21b432130650da277c9d6b7",
    "https://esm.sh/v131/type-fest@3.13.1/source/set-return-type.d.ts": "b8b675706ae32d91c4e552d68202014cfbde75494c8317b4b25f3a3f5af4d5d3",
    "https://esm.sh/v131/type-fest@3.13.1/source/simplify.d.ts": "884eaf5bcae2539fd5e7219561315c02e6d5cb452df236b7d6a08e961ec11dad",
    "https://esm.sh/v131/type-fest@3.13.1/source/snake-case.d.ts": "661a7dd92e7b7bd7fdd61b04180843e7498c82fae185119e359eb0671be56e94",
    "https://esm.sh/v131/type-fest@3.13.1/source/snake-cased-properties-deep.d.ts": "7afbe2d420ff075602c3f715a6508e446bec49991b8e3f8dc527442ef3f8ccc8",
    "https://esm.sh/v131/type-fest@3.13.1/source/snake-cased-properties.d.ts": "b21d736541d8fb5a4040e13709c8b1ff69dfd44d3df288f5a22331f0e1833c86",
    "https://esm.sh/v131/type-fest@3.13.1/source/split-words.d.ts": "6f288f16b6c62f97c6d082818d6104bd57c7fde018df89a63bdaf307ed4f12b5",
    "https://esm.sh/v131/type-fest@3.13.1/source/split.d.ts": "5a4d0b09de173c391d5d50064fc20166becc194248b1ce738e8a56af5196d28c",
    "https://esm.sh/v131/type-fest@3.13.1/source/spread.d.ts": "dc15c8c6d7b2f2e233bc079a765c2cdfff913ced30d0487fc4f73e09c394c1da",
    "https://esm.sh/v131/type-fest@3.13.1/source/string-key-of.d.ts": "f351eaa598ba2046e3078e5480a7533be7051e4db9212bb40f4eeb84279aa24d",
    "https://esm.sh/v131/type-fest@3.13.1/source/stringified.d.ts": "1848ebe5252ccb5ca1ca4ff52114516bdbbc7512589d6d0839beeea768bfb400",
    "https://esm.sh/v131/type-fest@3.13.1/source/tagged-union.d.ts": "5d6f919e1966d45ea297c2478c1985d213e41e2f9a6789964cdb53669e3f7a6f",
    "https://esm.sh/v131/type-fest@3.13.1/source/trim.d.ts": "a17e4cf0a5e2065005af78c2ee7829c6022ff84b84907f88fe7edd8af676ae81",
    "https://esm.sh/v131/type-fest@3.13.1/source/tsconfig-json.d.ts": "2ab9b3b4938022c0078d38ce47fe7863e259d855f04fd5a92fb8af6649b57632",
    "https://esm.sh/v131/type-fest@3.13.1/source/tuple-to-union.d.ts": "1502a23e43fd7e9976a83195dc4eaf54acaff044687e0988a3bd4f19fc26b02b",
    "https://esm.sh/v131/type-fest@3.13.1/source/typed-array.d.ts": "1b8357b3fef5be61b5de6d6a4805a534d68fe3e040c11f1944e27d4aec85936a",
    "https://esm.sh/v131/type-fest@3.13.1/source/union-to-intersection.d.ts": "0b9bcc98884f81d8adda2c5d2ebb0361c7a53af6713e72138c4457e6016ff708",
    "https://esm.sh/v131/type-fest@3.13.1/source/value-of.d.ts": "18b86125c67d99150f54225df07349ddd07acde086b55f3eeac1c34c81e424d8",
    "https://esm.sh/v131/type-fest@3.13.1/source/writable-deep.d.ts": "8a180b98b7a3c3105fb293bb7997c92af53d44ee91b88eb7808bbb63d4e8fe50",
    "https://esm.sh/v131/type-fest@3.13.1/source/writable-keys-of.d.ts": "77569ba3be7af3480dea493a4d03c990310da0fc3bbecab7df80f875c105d3ad",
    "https://esm.sh/v131/type-fest@3.13.1/source/writable.d.ts": "0d1232b5a9247077f47b6ea6a6bf64236cb5182f4c081ea8a176d3fcaf03cffc",
    "https://esm.sh/v131/type-is@1.6.18/denonext/type-is.mjs": "9047dcacaf646ef6d6aeec60f49aab448d1d578be94c8364c20421bc4b608edf",
    "https://esm.sh/v131/unpipe@1.0.0/denonext/unpipe.mjs": "46c65a06d46ec6b3e9f3fda014053928fe62397a3d894cbb56b13bc25a385bc0",
    "https://esm.sh/v131/utils-merge@1.0.1/denonext/utils-merge.mjs": "0a8a3925b476b5a94da272bb8fbb63728b725185a80b28492825dfb3ca3a3542",
    "https://esm.sh/v131/vary@1.1.2/denonext/vary.mjs": "119fef5a9e3d5a74c698ded1a4edd8acfdf75db69c6daabf631bd773964ac860",
    "https://esm.sh/v131/zod@3.22.2/denonext/zod.mjs": "b72f0eac903e994642e59258bd5552020471f60b5b17ed859650bffd3c33daa0",
    "https://esm.sh/v131/zod@3.22.2/index.d.ts": "b51c954b9557b1dcb03b2bf34cd136e710cb9aa276e686cac0e291249590a52a",
    "https://esm.sh/v131/zod@3.22.2/lib/ZodError.d.ts": "1f19511459549a66526d9dcc3b2288e59fa5fd4cf42b390a945d0bdc289806df",
    "https://esm.sh/v131/zod@3.22.2/lib/errors.d.ts": "5ec2790f877581637c058eb5bbb72e855a078620d0781d2a6a8f308fe1d5436f",
    "https://esm.sh/v131/zod@3.22.2/lib/external.d.ts": "91cec2fe1e1fb2574812a29a57ad2c39a1e69b0fa1179547382c92649fc5c66e",
    "https://esm.sh/v131/zod@3.22.2/lib/helpers/enumUtil.d.ts": "f672c876c1a04a223cf2023b3d91e8a52bb1544c576b81bf64a8fec82be9969c",
    "https://esm.sh/v131/zod@3.22.2/lib/helpers/errorUtil.d.ts": "98a9cc18f661d28e6bd31c436e1984f3980f35e0f0aa9cf795c54f8ccb667ffe",
    "https://esm.sh/v131/zod@3.22.2/lib/helpers/parseUtil.d.ts": "d3dbfc2f2fbf2c1bdea72db72f9f5c95d2ca5b4d32c9e229764ebaba0920203c",
    "https://esm.sh/v131/zod@3.22.2/lib/helpers/partialUtil.d.ts": "be2da97df422506d54e0e1727a40f6315c7311931b65a552b3172148db734c43",
    "https://esm.sh/v131/zod@3.22.2/lib/helpers/typeAliases.d.ts": "5487b97cfa28b26b4a9ef0770f872bdbebd4c46124858de00f242c3eed7519f4",
    "https://esm.sh/v131/zod@3.22.2/lib/helpers/util.d.ts": "7a01f546ace66019156e4232a1bee2fabc2f8eabeb052473d926ee1693956265",
    "https://esm.sh/v131/zod@3.22.2/lib/index.d.ts": "e6e0b04af1500398c8840582cce03d8907d6475005eb490f0e07bb33db6da66c",
    "https://esm.sh/v131/zod@3.22.2/lib/locales/en.d.ts": "f8ec1611afb8d132c6c71822718805866890cf2071025153af97508eff24e4b6",
    "https://esm.sh/v131/zod@3.22.2/lib/types.d.ts": "ffa274f3e66388c156ae77bcaf0d6406d5b52c2a89345a689d2c9548f3f6bf30",
    "https://esm.sh/v132/@noble/curves@1.2.0/denonext/_shortw_utils.js": "9fe2fc5297f8403bd4cf4215d6dc5d25e499ccdc53812895034a353a1a650e2d",
    "https://esm.sh/v132/@noble/curves@1.2.0/denonext/abstract/modular.js": "1992c60dd7449f193bda45b845926a5542f4d414200c3467b24a837fc5687398",
    "https://esm.sh/v132/@noble/curves@1.2.0/denonext/abstract/poseidon.js": "f8bf1f7fb1de70179e4b35b3874c20e52f67bd64cb144f420db6870159d47b60",
    "https://esm.sh/v132/@noble/curves@1.2.0/denonext/abstract/utils.js": "33d6521fbb6756d058dff59616da1e55a55972b4848976c27e81c4b4bc36c0e4",
    "https://esm.sh/v132/@noble/curves@1.2.0/denonext/abstract/weierstrass.js": "0a434ceeb8c45c46ba8d50441ddd09d4fcec5423a4d54a446624f195de2f42fd",
    "https://esm.sh/v132/@noble/hashes@1.3.2/denonext/crypto.js": "fe9ca00625a5f0b89775b108898c1d25ad6a6d18525d60eafd81519f85bf72c3",
    "https://esm.sh/v132/@noble/hashes@1.3.2/denonext/hmac.js": "944adf46d42a724e5a3bdeb121931e6bf80753f8eb0beaf3c793cf2628931773",
    "https://esm.sh/v132/@noble/hashes@1.3.2/denonext/sha256.js": "81a81c347b04383297166beaee6b7189bc2fe0317d98492b3aa9eadd9d46dc8d",
    "https://esm.sh/v132/@noble/hashes@1.3.2/denonext/sha3.js": "1a9cd1fc52c0c513ef4922cd3493bc044e9cbbf6d7fa6d25b4e908d54fdce43e",
    "https://esm.sh/v132/@noble/hashes@1.3.2/denonext/utils.js": "77eba4813ffcc5057e07cdc983f9b545451aeb6cab34cef39d046ae7fde0c78a",
    "https://esm.sh/v132/@protobufjs/aspromise@1.1.2/denonext/aspromise.mjs": "3d83037425036ea5fa83a5893059b313e9197af8b1ba84f775ac05e6df7736e4",
    "https://esm.sh/v132/@protobufjs/base64@1.1.2/denonext/base64.mjs": "acea461f17e7d0f813b08a633809c6810dc592b28a9eb26dba0b8f1b7af911b8",
    "https://esm.sh/v132/@protobufjs/codegen@2.0.4/denonext/codegen.mjs": "2cd98d35edba82c53dc7e96036c2dc4080f058e3c94c340e4c559a5d83bdeff5",
    "https://esm.sh/v132/@protobufjs/eventemitter@1.1.0/denonext/eventemitter.mjs": "0299224895b8f43109b42926a0ee2dadd6138e638445327585107a8cc82f6a17",
    "https://esm.sh/v132/@protobufjs/fetch@1.1.0/denonext/fetch.mjs": "f590385cf10c4240b79c4786597e46cffe6a37216f58293056cea8e390e907c0",
    "https://esm.sh/v132/@protobufjs/float@1.0.2/denonext/float.mjs": "af49a1cdbb9b232cdef5f8a772e04bf4628671873bd39ca33a9dd9ffd0115dea",
    "https://esm.sh/v132/@protobufjs/inquire@1.1.0/denonext/inquire.mjs": "5920ac62d435331221345c39a263ceb1d2f8711df73cb5af89ccd41074fcc82a",
    "https://esm.sh/v132/@protobufjs/path@1.1.2/denonext/path.mjs": "0c5e2f8b6b186e358d8fdb94a46f54fc18b3b53cb5fc82e18dd9b041858e4d7e",
    "https://esm.sh/v132/@protobufjs/pool@1.1.0/denonext/pool.mjs": "01b3d9ea0df1fefa04eae55ea83d2a8198cfcb3e6dbfac15a8bf37cfc80abd19",
    "https://esm.sh/v132/@protobufjs/utf8@1.1.0/denonext/utf8.mjs": "52b7bc421bad149db24d90d8ac5364f2c9f9766e5449fd266d5edf04b2669f23",
    "https://esm.sh/v132/@scure/starknet@0.3.0/denonext/starknet.mjs": "b4ede8221553962fe0cb82e0d877f64bf307353697de1c0dd34b78e4dcd3ba2a",
    "https://esm.sh/v132/isomorphic-fetch@3.0.0/denonext/isomorphic-fetch.mjs": "805f888fd38dba95edb9f4faece545e324349474bf8a7a48995c9a89b143b353",
    "https://esm.sh/v132/lossless-json@2.0.9/denonext/lossless-json.mjs": "474040ba7d815a8020603ac7461330f54785108279bc88e5adf496e333b72060",
    "https://esm.sh/v132/pako@2.1.0/denonext/pako.mjs": "b9b02e7acb3872b866efa226da2698e2fdd3e24e07b160fc3466ab15b8640d2e",
    "https://esm.sh/v132/postgres@3.3.5/denonext/postgres.mjs": "f4ff30e4174b923425167ae7eb64486d61b0ebce199f43b89631116a280aec3b",
    "https://esm.sh/v132/protobufjs@7.2.5/denonext/index.js": "2d0699aca26641ffeafb7d7bcc937065f641d3d23bdf062b5751cb160d534f51",
    "https://esm.sh/v132/protobufjs@7.2.5/index.js": "c5a49d007c6410ef708a36c4c85db038866bec3303ceeca011e022c0585a9b42",
    "https://esm.sh/v132/starknet@5.19.5/denonext/starknet.mjs": "30bf969fec4494fa7f6ac7e5341d7e9da43af4a0e717e4b74ba2ae31fd29cebe",
    "https://esm.sh/v132/url-join@4.0.1/denonext/url-join.mjs": "1d2b840f03b6a3aaaaaa56380ea7879740d376a1dd83511b5bcf8af6c4617e1e",
    "https://esm.sh/v132/whatwg-fetch@3.6.18/denonext/whatwg-fetch.mjs": "39df00cd8bc2c838829e7043b785e61d99c434279f54464e6b99973f333b1ae9"
  }
}
